
Microsoft Visual Studio Solution File, Format Version 12.00
# Visual Studio Version 17
VisualStudioVersion = 17.9.34728.123
MinimumVisualStudioVersion = 10.0.40219.1
Project("{9A19103F-16F7-4668-BE54-9A1E7A4F7556}") = "xDeploymentItem", "xDeploymentItem\xDeploymentItem.csproj", "{A1428D7B-0DF4-45D3-AF26-8AB195DB4DB3}"
EndProject
Project("{9A19103F-16F7-4668-BE54-9A1E7A4F7556}") = "BusinessLogic", "BusinessLogic\BusinessLogic.csproj", "{D7EEF43D-E1ED-4817-8720-6ADEB826A30D}"
EndProject
Project("{9A19103F-16F7-4668-BE54-9A1E7A4F7556}") = "BusinessLogicTestsNew", "BusinessLogicTestsNew\BusinessLogicTestsNew.csproj", "{D1662BB8-560E-42F9-BABE-E596899D39EE}"
EndProject
Global
	GlobalSection(SolutionConfigurationPlatforms) = preSolution
		Debug|Any CPU = Debug|Any CPU
		Release|Any CPU = Release|Any CPU
	EndGlobalSection
	GlobalSection(ProjectConfigurationPlatforms) = postSolution
		{A1428D7B-0DF4-45D3-AF26-8AB195DB4DB3}.Debug|Any CPU.ActiveCfg = Debug|Any CPU
		{A1428D7B-0DF4-45D3-AF26-8AB195DB4DB3}.Debug|Any CPU.Build.0 = Debug|Any CPU
		{A1428D7B-0DF4-45D3-AF26-8AB195DB4DB3}.Release|Any CPU.ActiveCfg = Release|Any CPU
		{A1428D7B-0DF4-45D3-AF26-8AB195DB4DB3}.Release|Any CPU.Build.0 = Release|Any CPU
		{D7EEF43D-E1ED-4817-8720-6ADEB826A30D}.Debug|Any CPU.ActiveCfg = Debug|Any CPU
		{D7EEF43D-E1ED-4817-8720-6ADEB826A30D}.Debug|Any CPU.Build.0 = Debug|Any CPU
		{D7EEF43D-E1ED-4817-8720-6ADEB826A30D}.Release|Any CPU.ActiveCfg = Release|Any CPU
		{D7EEF43D-E1ED-4817-8720-6ADEB826A30D}.Release|Any CPU.Build.0 = Release|Any CPU
		{D1662BB8-560E-42F9-BABE-E596899D39EE}.Debug|Any CPU.ActiveCfg = Debug|Any CPU
		{D1662BB8-560E-42F9-BABE-E596899D39EE}.Debug|Any CPU.Build.0 = Debug|Any CPU
		{D1662BB8-560E-42F9-BABE-E596899D39EE}.Release|Any CPU.ActiveCfg = Release|Any CPU
		{D1662BB8-560E-42F9-BABE-E596899D39EE}.Release|Any CPU.Build.0 = Release|Any CPU
	EndGlobalSection
	GlobalSection(SolutionProperties) = preSolution
		HideSolutionNode = FALSE
	EndGlobalSection
	GlobalSection(ExtensibilityGlobals) = postSolution
		SolutionGuid = {91F738C8-36F5-4704-814D-1336163DC70D}
	EndGlobalSection
EndGlobal
